
Microsoft Visual Studio Solution File, Format Version 12.00
# Visual Studio Version 17
VisualStudioVersion = 17.1.32421.90
MinimumVisualStudioVersion = 10.0.40219.1
Project("{9A19103F-16F7-4668-BE54-9A1E7A4F7556}") = "ShopLaptop_EFCore", "ShopLaptop_EFCore.csproj", "{06FBD53D-BCAF-4DD7-ABB0-559E2E7DDF0A}"
EndProject
Global
	GlobalSection(SolutionConfigurationPlatforms) = preSolution
		Debug|Any CPU = Debug|Any CPU
		Release|Any CPU = Release|Any CPU
	EndGlobalSection
	GlobalSection(ProjectConfigurationPlatforms) = postSolution
		{06FBD53D-BCAF-4DD7-ABB0-559E2E7DDF0A}.Debug|Any CPU.ActiveCfg = Debug|Any CPU
		{06FBD53D-BCAF-4DD7-ABB0-559E2E7DDF0A}.Debug|Any CPU.Build.0 = Debug|Any CPU
		{06FBD53D-BCAF-4DD7-ABB0-559E2E7DDF0A}.Release|Any CPU.ActiveCfg = Release|Any CPU
		{06FBD53D-BCAF-4DD7-ABB0-559E2E7DDF0A}.Release|Any CPU.Build.0 = Release|Any CPU
	EndGlobalSection
	GlobalSection(SolutionProperties) = preSolution
		HideSolutionNode = FALSE
	EndGlobalSection
	GlobalSection(ExtensibilityGlobals) = postSolution
		SolutionGuid = {3A25AF61-C3F4-4966-929F-D589B1F856A8}
	EndGlobalSection
EndGlobal
